<?xml version="1.0" encoding="UTF-8"?>
<CodeBlocks_project_file>
	<FileVersion major="1" minor="6"/>
	<Project>
		<Option title="mj_enum"/>
		<Option makefile_is_custom="1"/>
		<Option compiler="gcc"/>
		<Option virtualFolders="CMake Files\;"/>
		<Build>
			<Target title="all">
				<Option working_dir="/media/ftc/DATA/mj_enum"/>
				<Option type="4"/>
				<MakeCommands>
					<Build command="/usr/bin/make -f &quot;/media/ftc/DATA/mj_enum/Makefile&quot;  VERBOSE=1 all"/>
					<CompileFile command="/usr/bin/make -f &quot;/media/ftc/DATA/mj_enum/Makefile&quot;  VERBOSE=1 &quot;$file&quot;"/>
					<Clean command="/usr/bin/make -f &quot;/media/ftc/DATA/mj_enum/Makefile&quot;  VERBOSE=1 clean"/>
					<DistClean command="/usr/bin/make -f &quot;/media/ftc/DATA/mj_enum/Makefile&quot;  VERBOSE=1 clean"/>
				</MakeCommands>
			</Target>
			<Target title="rebuild_cache">
				<Option working_dir="/media/ftc/DATA/mj_enum"/>
				<Option type="4"/>
				<MakeCommands>
					<Build command="/usr/bin/make -f &quot;/media/ftc/DATA/mj_enum/Makefile&quot;  VERBOSE=1 rebuild_cache"/>
					<CompileFile command="/usr/bin/make -f &quot;/media/ftc/DATA/mj_enum/Makefile&quot;  VERBOSE=1 &quot;$file&quot;"/>
					<Clean command="/usr/bin/make -f &quot;/media/ftc/DATA/mj_enum/Makefile&quot;  VERBOSE=1 clean"/>
					<DistClean command="/usr/bin/make -f &quot;/media/ftc/DATA/mj_enum/Makefile&quot;  VERBOSE=1 clean"/>
				</MakeCommands>
			</Target>
			<Target title="edit_cache">
				<Option working_dir="/media/ftc/DATA/mj_enum"/>
				<Option type="4"/>
				<MakeCommands>
					<Build command="/usr/bin/make -f &quot;/media/ftc/DATA/mj_enum/Makefile&quot;  VERBOSE=1 edit_cache"/>
					<CompileFile command="/usr/bin/make -f &quot;/media/ftc/DATA/mj_enum/Makefile&quot;  VERBOSE=1 &quot;$file&quot;"/>
					<Clean command="/usr/bin/make -f &quot;/media/ftc/DATA/mj_enum/Makefile&quot;  VERBOSE=1 clean"/>
					<DistClean command="/usr/bin/make -f &quot;/media/ftc/DATA/mj_enum/Makefile&quot;  VERBOSE=1 clean"/>
				</MakeCommands>
			</Target>
			<Target title="mj_enum">
				<Option output="/media/ftc/DATA/mj_enum/mj_enum" prefix_auto="0" extension_auto="0"/>
				<Option working_dir="/media/ftc/DATA/mj_enum"/>
				<Option object_output="./"/>
				<Option type="1"/>
				<Option compiler="gcc"/>
				<Compiler>
					<Add directory="/media/ftc/DATA/mj_enum"/>
				</Compiler>
				<MakeCommands>
					<Build command="/usr/bin/make -f &quot;/media/ftc/DATA/mj_enum/Makefile&quot;  VERBOSE=1 mj_enum"/>
					<CompileFile command="/usr/bin/make -f &quot;/media/ftc/DATA/mj_enum/Makefile&quot;  VERBOSE=1 &quot;$file&quot;"/>
					<Clean command="/usr/bin/make -f &quot;/media/ftc/DATA/mj_enum/Makefile&quot;  VERBOSE=1 clean"/>
					<DistClean command="/usr/bin/make -f &quot;/media/ftc/DATA/mj_enum/Makefile&quot;  VERBOSE=1 clean"/>
				</MakeCommands>
			</Target>
			<Target title="mj_enum/fast">
				<Option output="/media/ftc/DATA/mj_enum/mj_enum" prefix_auto="0" extension_auto="0"/>
				<Option working_dir="/media/ftc/DATA/mj_enum"/>
				<Option object_output="./"/>
				<Option type="1"/>
				<Option compiler="gcc"/>
				<Compiler>
					<Add directory="/media/ftc/DATA/mj_enum"/>
				</Compiler>
				<MakeCommands>
					<Build command="/usr/bin/make -f &quot;/media/ftc/DATA/mj_enum/Makefile&quot;  VERBOSE=1 mj_enum/fast"/>
					<CompileFile command="/usr/bin/make -f &quot;/media/ftc/DATA/mj_enum/Makefile&quot;  VERBOSE=1 &quot;$file&quot;"/>
					<Clean command="/usr/bin/make -f &quot;/media/ftc/DATA/mj_enum/Makefile&quot;  VERBOSE=1 clean"/>
					<DistClean command="/usr/bin/make -f &quot;/media/ftc/DATA/mj_enum/Makefile&quot;  VERBOSE=1 clean"/>
				</MakeCommands>
			</Target>
		</Build>
		<Unit filename="/media/ftc/DATA/mj_enum/mj_enum.cpp">
			<Option target="mj_enum"/>
		</Unit>
		<Unit filename="/media/ftc/DATA/mj_enum/CMakeLists.txt">
			<Option virtualFolder="CMake Files\"/>
		</Unit>
	</Project>
</CodeBlocks_project_file>
